
Microsoft Visual Studio Solution File, Format Version 12.00
# Visual Studio Version 16
VisualStudioVersion = 16.0.31112.23
MinimumVisualStudioVersion = 10.0.40219.1
Project("{FAE04EC0-301F-11D3-BF4B-00C04F79EFBC}") = "DatalogiInlamningsuppgfit1", "DatalogiInlamningsuppgfit1\DatalogiInlamningsuppgfit1.csproj", "{529D167D-7226-4905-8C0F-9C4DE004696D}"
EndProject
Global
	GlobalSection(SolutionConfigurationPlatforms) = preSolution
		Debug|Any CPU = Debug|Any CPU
		Release|Any CPU = Release|Any CPU
	EndGlobalSection
	GlobalSection(ProjectConfigurationPlatforms) = postSolution
		{529D167D-7226-4905-8C0F-9C4DE004696D}.Debug|Any CPU.ActiveCfg = Debug|Any CPU
		{529D167D-7226-4905-8C0F-9C4DE004696D}.Debug|Any CPU.Build.0 = Debug|Any CPU
		{529D167D-7226-4905-8C0F-9C4DE004696D}.Release|Any CPU.ActiveCfg = Release|Any CPU
		{529D167D-7226-4905-8C0F-9C4DE004696D}.Release|Any CPU.Build.0 = Release|Any CPU
	EndGlobalSection
	GlobalSection(SolutionProperties) = preSolution
		HideSolutionNode = FALSE
	EndGlobalSection
	GlobalSection(ExtensibilityGlobals) = postSolution
		SolutionGuid = {FA6D93D7-D2DE-422B-800E-48E114D08087}
	EndGlobalSection
EndGlobal
